{
  "name": "state-geo",
  "version": "1.0.0",
  "lockfileVersion": 2,
  "requires": true,
  "packages": {
    "": {
      "name": "state-geo",
      "version": "1.0.0",
      "license": "MIT",
      "dependencies": {
        "d3-geo-projection": "^4.0.0",
        "ndjson-cli": "^0.3.1",
        "shapefile": "^0.6.6"
      }
    },
    "node_modules/acorn": {
      "version": "5.7.4",
      "resolved": "https://registry.npmjs.org/acorn/-/acorn-5.7.4.tgz",
      "integrity": "sha512-1D++VG7BhrtvQpNbBzovKNc1FLGGEE/oGe7b9xJm/RFHMBeUaUGpluV9RLjZa47YFdPcDAenEYuq9pQPcMdLJg==",
      "bin": {
        "acorn": "bin/acorn"
      },
      "engines": {
        "node": ">=0.4.0"
      }
    },
    "node_modules/array-source": {
      "version": "0.0.4",
      "resolved": "https://registry.npmjs.org/array-source/-/array-source-0.0.4.tgz",
      "integrity": "sha512-frNdc+zBn80vipY+GdcJkLEbMWj3xmzArYApmUGxoiV8uAu/ygcs9icPdsGdA26h0MkHUMW6EN2piIvVx+M5Mw=="
    },
    "node_modules/commander": {
      "version": "2.20.3",
      "resolved": "https://registry.npmjs.org/commander/-/commander-2.20.3.tgz",
      "integrity": "sha512-GpVkmM8vF2vQUkj2LvZmD35JxeJOLCwJ9cUkugyk2nuhbv3+mJvpLYYt+0+USMxE+oj+ey/lJEnhZw75x/OMcQ=="
    },
    "node_modules/d3-array": {
      "version": "3.1.1",
      "resolved": "https://registry.npmjs.org/d3-array/-/d3-array-3.1.1.tgz",
      "integrity": "sha512-33qQ+ZoZlli19IFiQx4QEpf2CBEayMRzhlisJHSCsSUbDXv6ZishqS1x7uFVClKG4Wr7rZVHvaAttoLow6GqdQ==",
      "dependencies": {
        "internmap": "1 - 2"
      },
      "engines": {
        "node": ">=12"
      }
    },
    "node_modules/d3-geo": {
      "version": "3.0.1",
      "resolved": "https://registry.npmjs.org/d3-geo/-/d3-geo-3.0.1.tgz",
      "integrity": "sha512-Wt23xBych5tSy9IYAM1FR2rWIBFWa52B/oF/GYe5zbdHrg08FU8+BuI6X4PvTwPDdqdAdq04fuWJpELtsaEjeA==",
      "dependencies": {
        "d3-array": "2.5.0 - 3"
      },
      "engines": {
        "node": ">=12"
      }
    },
    "node_modules/d3-geo-projection": {
      "version": "4.0.0",
      "resolved": "https://registry.npmjs.org/d3-geo-projection/-/d3-geo-projection-4.0.0.tgz",
      "integrity": "sha512-p0bK60CEzph1iqmnxut7d/1kyTmm3UWtPlwdkM31AU+LW+BXazd5zJdoCn7VFxNCHXRngPHRnsNn5uGjLRGndg==",
      "dependencies": {
        "commander": "7",
        "d3-array": "1 - 3",
        "d3-geo": "1.12.0 - 3"
      },
      "bin": {
        "geo2svg": "bin/geo2svg.js",
        "geograticule": "bin/geograticule.js",
        "geoproject": "bin/geoproject.js",
        "geoquantize": "bin/geoquantize.js",
        "geostitch": "bin/geostitch.js"
      },
      "engines": {
        "node": ">=12"
      }
    },
    "node_modules/d3-geo-projection/node_modules/commander": {
      "version": "7.2.0",
      "resolved": "https://registry.npmjs.org/commander/-/commander-7.2.0.tgz",
      "integrity": "sha512-QrWXB+ZQSVPmIWIhtEO9H+gwHaMGYiF5ChvoJ+K9ZGHG/sVsa6yiesAD1GC/x46sET00Xlwo1u49RVVVzvcSkw==",
      "engines": {
        "node": ">= 10"
      }
    },
    "node_modules/file-source": {
      "version": "0.6.1",
      "resolved": "https://registry.npmjs.org/file-source/-/file-source-0.6.1.tgz",
      "integrity": "sha1-rhidSZN2a4Zad/g63Pm5pQTNN9w=",
      "dependencies": {
        "stream-source": "0.3"
      }
    },
    "node_modules/function-bind": {
      "version": "1.1.1",
      "resolved": "https://registry.npmjs.org/function-bind/-/function-bind-1.1.1.tgz",
      "integrity": "sha512-yIovAzMX49sF8Yl58fSCWJ5svSLuaibPxXQJFLmBObTuCr0Mf1KiPopGM9NiFjiYBCbfaa2Fh6breQ6ANVTI0A=="
    },
    "node_modules/has": {
      "version": "1.0.3",
      "resolved": "https://registry.npmjs.org/has/-/has-1.0.3.tgz",
      "integrity": "sha512-f2dvO0VU6Oej7RkWJGrehjbzMAjFp5/VKPp5tTpWIV4JHHZK1/BxbFRtf/siA2SWTe09caDmVtYYzWEIbBS4zw==",
      "dependencies": {
        "function-bind": "^1.1.1"
      },
      "engines": {
        "node": ">= 0.4.0"
      }
    },
    "node_modules/internmap": {
      "version": "2.0.3",
      "resolved": "https://registry.npmjs.org/internmap/-/internmap-2.0.3.tgz",
      "integrity": "sha512-5Hh7Y1wQbvY5ooGgPbDaL5iYLAPzMTUrjMulskHLH6wnv/A+1q5rgEaiuqEjB+oxGXIVZs1FF+R/KPN3ZSQYYg==",
      "engines": {
        "node": ">=12"
      }
    },
    "node_modules/is-core-module": {
      "version": "2.8.1",
      "resolved": "https://registry.npmjs.org/is-core-module/-/is-core-module-2.8.1.tgz",
      "integrity": "sha512-SdNCUs284hr40hFTFP6l0IfZ/RSrMXF3qgoRHd3/79unUTvrFO/JoXwkGm+5J/Oe3E/b5GsnG330uUNgRpu1PA==",
      "dependencies": {
        "has": "^1.0.3"
      },
      "funding": {
        "url": "https://github.com/sponsors/ljharb"
      }
    },
    "node_modules/ndjson-cli": {
      "version": "0.3.1",
      "resolved": "https://registry.npmjs.org/ndjson-cli/-/ndjson-cli-0.3.1.tgz",
      "integrity": "sha512-WMt3oFipPwmVvuFY2IwSNx+IeeRxZkc3OZEKTugk/FTmBRWcapH9PjtxU3Wap4CPcZ94a3nCnjEX8Ny/SrlZtA==",
      "dependencies": {
        "acorn": "^5.1.1",
        "commander": "^2.11.0",
        "resolve": "^1.3.3"
      },
      "bin": {
        "ndjson-cat": "ndjson-cat",
        "ndjson-filter": "ndjson-filter",
        "ndjson-join": "ndjson-join",
        "ndjson-map": "ndjson-map",
        "ndjson-reduce": "ndjson-reduce",
        "ndjson-sort": "ndjson-sort",
        "ndjson-split": "ndjson-split",
        "ndjson-top": "ndjson-top"
      }
    },
    "node_modules/path-parse": {
      "version": "1.0.7",
      "resolved": "https://registry.npmjs.org/path-parse/-/path-parse-1.0.7.tgz",
      "integrity": "sha512-LDJzPVEEEPR+y48z93A0Ed0yXb8pAByGWo/k5YYdYgpY2/2EsOsksJrq7lOHxryrVOn1ejG6oAp8ahvOIQD8sw=="
    },
    "node_modules/path-source": {
      "version": "0.1.3",
      "resolved": "https://registry.npmjs.org/path-source/-/path-source-0.1.3.tgz",
      "integrity": "sha512-dWRHm5mIw5kw0cs3QZLNmpUWty48f5+5v9nWD2dw3Y0Hf+s01Ag8iJEWV0Sm0kocE8kK27DrIowha03e1YR+Qw==",
      "dependencies": {
        "array-source": "0.0",
        "file-source": "0.6"
      }
    },
    "node_modules/resolve": {
      "version": "1.21.0",
      "resolved": "https://registry.npmjs.org/resolve/-/resolve-1.21.0.tgz",
      "integrity": "sha512-3wCbTpk5WJlyE4mSOtDLhqQmGFi0/TD9VPwmiolnk8U0wRgMEktqCXd3vy5buTO3tljvalNvKrjHEfrd2WpEKA==",
      "dependencies": {
        "is-core-module": "^2.8.0",
        "path-parse": "^1.0.7",
        "supports-preserve-symlinks-flag": "^1.0.0"
      },
      "bin": {
        "resolve": "bin/resolve"
      },
      "funding": {
        "url": "https://github.com/sponsors/ljharb"
      }
    },
    "node_modules/shapefile": {
      "version": "0.6.6",
      "resolved": "https://registry.npmjs.org/shapefile/-/shapefile-0.6.6.tgz",
      "integrity": "sha512-rLGSWeK2ufzCVx05wYd+xrWnOOdSV7xNUW5/XFgx3Bc02hBkpMlrd2F1dDII7/jhWzv0MSyBFh5uJIy9hLdfuw==",
      "dependencies": {
        "array-source": "0.0",
        "commander": "2",
        "path-source": "0.1",
        "slice-source": "0.4",
        "stream-source": "0.3",
        "text-encoding": "^0.6.4"
      },
      "bin": {
        "dbf2json": "bin/dbf2json",
        "shp2json": "bin/shp2json"
      }
    },
    "node_modules/slice-source": {
      "version": "0.4.1",
      "resolved": "https://registry.npmjs.org/slice-source/-/slice-source-0.4.1.tgz",
      "integrity": "sha1-QKV6wDxmaLXaIA4FN44AC/KmHXk="
    },
    "node_modules/stream-source": {
      "version": "0.3.5",
      "resolved": "https://registry.npmjs.org/stream-source/-/stream-source-0.3.5.tgz",
      "integrity": "sha512-ZuEDP9sgjiAwUVoDModftG0JtYiLUV8K4ljYD1VyUMRWtbVf92474o4kuuul43iZ8t/hRuiDAx1dIJSvirrK/g=="
    },
    "node_modules/supports-preserve-symlinks-flag": {
      "version": "1.0.0",
      "resolved": "https://registry.npmjs.org/supports-preserve-symlinks-flag/-/supports-preserve-symlinks-flag-1.0.0.tgz",
      "integrity": "sha512-ot0WnXS9fgdkgIcePe6RHNk1WA8+muPa6cSjeR3V8K27q9BB1rTE3R1p7Hv0z1ZyAc8s6Vvv8DIyWf681MAt0w==",
      "engines": {
        "node": ">= 0.4"
      },
      "funding": {
        "url": "https://github.com/sponsors/ljharb"
      }
    },
    "node_modules/text-encoding": {
      "version": "0.6.4",
      "resolved": "https://registry.npmjs.org/text-encoding/-/text-encoding-0.6.4.tgz",
      "integrity": "sha1-45mpgiV6J22uQou5KEXLcb3CbRk=",
      "deprecated": "no longer maintained"
    }
  },
  "dependencies": {
    "acorn": {
      "version": "5.7.4",
      "resolved": "https://registry.npmjs.org/acorn/-/acorn-5.7.4.tgz",
      "integrity": "sha512-1D++VG7BhrtvQpNbBzovKNc1FLGGEE/oGe7b9xJm/RFHMBeUaUGpluV9RLjZa47YFdPcDAenEYuq9pQPcMdLJg=="
    },
    "array-source": {
      "version": "0.0.4",
      "resolved": "https://registry.npmjs.org/array-source/-/array-source-0.0.4.tgz",
      "integrity": "sha512-frNdc+zBn80vipY+GdcJkLEbMWj3xmzArYApmUGxoiV8uAu/ygcs9icPdsGdA26h0MkHUMW6EN2piIvVx+M5Mw=="
    },
    "commander": {
      "version": "2.20.3",
      "resolved": "https://registry.npmjs.org/commander/-/commander-2.20.3.tgz",
      "integrity": "sha512-GpVkmM8vF2vQUkj2LvZmD35JxeJOLCwJ9cUkugyk2nuhbv3+mJvpLYYt+0+USMxE+oj+ey/lJEnhZw75x/OMcQ=="
    },
    "d3-array": {
      "version": "3.1.1",
      "resolved": "https://registry.npmjs.org/d3-array/-/d3-array-3.1.1.tgz",
      "integrity": "sha512-33qQ+ZoZlli19IFiQx4QEpf2CBEayMRzhlisJHSCsSUbDXv6ZishqS1x7uFVClKG4Wr7rZVHvaAttoLow6GqdQ==",
      "requires": {
        "internmap": "1 - 2"
      }
    },
    "d3-geo": {
      "version": "3.0.1",
      "resolved": "https://registry.npmjs.org/d3-geo/-/d3-geo-3.0.1.tgz",
      "integrity": "sha512-Wt23xBych5tSy9IYAM1FR2rWIBFWa52B/oF/GYe5zbdHrg08FU8+BuI6X4PvTwPDdqdAdq04fuWJpELtsaEjeA==",
      "requires": {
        "d3-array": "2.5.0 - 3"
      }
    },
    "d3-geo-projection": {
      "version": "4.0.0",
      "resolved": "https://registry.npmjs.org/d3-geo-projection/-/d3-geo-projection-4.0.0.tgz",
      "integrity": "sha512-p0bK60CEzph1iqmnxut7d/1kyTmm3UWtPlwdkM31AU+LW+BXazd5zJdoCn7VFxNCHXRngPHRnsNn5uGjLRGndg==",
      "requires": {
        "commander": "7",
        "d3-array": "1 - 3",
        "d3-geo": "1.12.0 - 3"
      },
      "dependencies": {
        "commander": {
          "version": "7.2.0",
          "resolved": "https://registry.npmjs.org/commander/-/commander-7.2.0.tgz",
          "integrity": "sha512-QrWXB+ZQSVPmIWIhtEO9H+gwHaMGYiF5ChvoJ+K9ZGHG/sVsa6yiesAD1GC/x46sET00Xlwo1u49RVVVzvcSkw=="
        }
      }
    },
    "file-source": {
      "version": "0.6.1",
      "resolved": "https://registry.npmjs.org/file-source/-/file-source-0.6.1.tgz",
      "integrity": "sha1-rhidSZN2a4Zad/g63Pm5pQTNN9w=",
      "requires": {
        "stream-source": "0.3"
      }
    },
    "function-bind": {
      "version": "1.1.1",
      "resolved": "https://registry.npmjs.org/function-bind/-/function-bind-1.1.1.tgz",
      "integrity": "sha512-yIovAzMX49sF8Yl58fSCWJ5svSLuaibPxXQJFLmBObTuCr0Mf1KiPopGM9NiFjiYBCbfaa2Fh6breQ6ANVTI0A=="
    },
    "has": {
      "version": "1.0.3",
      "resolved": "https://registry.npmjs.org/has/-/has-1.0.3.tgz",
      "integrity": "sha512-f2dvO0VU6Oej7RkWJGrehjbzMAjFp5/VKPp5tTpWIV4JHHZK1/BxbFRtf/siA2SWTe09caDmVtYYzWEIbBS4zw==",
      "requires": {
        "function-bind": "^1.1.1"
      }
    },
    "internmap": {
      "version": "2.0.3",
      "resolved": "https://registry.npmjs.org/internmap/-/internmap-2.0.3.tgz",
      "integrity": "sha512-5Hh7Y1wQbvY5ooGgPbDaL5iYLAPzMTUrjMulskHLH6wnv/A+1q5rgEaiuqEjB+oxGXIVZs1FF+R/KPN3ZSQYYg=="
    },
    "is-core-module": {
      "version": "2.8.1",
      "resolved": "https://registry.npmjs.org/is-core-module/-/is-core-module-2.8.1.tgz",
      "integrity": "sha512-SdNCUs284hr40hFTFP6l0IfZ/RSrMXF3qgoRHd3/79unUTvrFO/JoXwkGm+5J/Oe3E/b5GsnG330uUNgRpu1PA==",
      "requires": {
        "has": "^1.0.3"
      }
    },
    "ndjson-cli": {
      "version": "0.3.1",
      "resolved": "https://registry.npmjs.org/ndjson-cli/-/ndjson-cli-0.3.1.tgz",
      "integrity": "sha512-WMt3oFipPwmVvuFY2IwSNx+IeeRxZkc3OZEKTugk/FTmBRWcapH9PjtxU3Wap4CPcZ94a3nCnjEX8Ny/SrlZtA==",
      "requires": {
        "acorn": "^5.1.1",
        "commander": "^2.11.0",
        "resolve": "^1.3.3"
      }
    },
    "path-parse": {
      "version": "1.0.7",
      "resolved": "https://registry.npmjs.org/path-parse/-/path-parse-1.0.7.tgz",
      "integrity": "sha512-LDJzPVEEEPR+y48z93A0Ed0yXb8pAByGWo/k5YYdYgpY2/2EsOsksJrq7lOHxryrVOn1ejG6oAp8ahvOIQD8sw=="
    },
    "path-source": {
      "version": "0.1.3",
      "resolved": "https://registry.npmjs.org/path-source/-/path-source-0.1.3.tgz",
      "integrity": "sha512-dWRHm5mIw5kw0cs3QZLNmpUWty48f5+5v9nWD2dw3Y0Hf+s01Ag8iJEWV0Sm0kocE8kK27DrIowha03e1YR+Qw==",
      "requires": {
        "array-source": "0.0",
        "file-source": "0.6"
      }
    },
    "resolve": {
      "version": "1.21.0",
      "resolved": "https://registry.npmjs.org/resolve/-/resolve-1.21.0.tgz",
      "integrity": "sha512-3wCbTpk5WJlyE4mSOtDLhqQmGFi0/TD9VPwmiolnk8U0wRgMEktqCXd3vy5buTO3tljvalNvKrjHEfrd2WpEKA==",
      "requires": {
        "is-core-module": "^2.8.0",
        "path-parse": "^1.0.7",
        "supports-preserve-symlinks-flag": "^1.0.0"
      }
    },
    "shapefile": {
      "version": "0.6.6",
      "resolved": "https://registry.npmjs.org/shapefile/-/shapefile-0.6.6.tgz",
      "integrity": "sha512-rLGSWeK2ufzCVx05wYd+xrWnOOdSV7xNUW5/XFgx3Bc02hBkpMlrd2F1dDII7/jhWzv0MSyBFh5uJIy9hLdfuw==",
      "requires": {
        "array-source": "0.0",
        "commander": "2",
        "path-source": "0.1",
        "slice-source": "0.4",
        "stream-source": "0.3",
        "text-encoding": "^0.6.4"
      }
    },
    "slice-source": {
      "version": "0.4.1",
      "resolved": "https://registry.npmjs.org/slice-source/-/slice-source-0.4.1.tgz",
      "integrity": "sha1-QKV6wDxmaLXaIA4FN44AC/KmHXk="
    },
    "stream-source": {
      "version": "0.3.5",
      "resolved": "https://registry.npmjs.org/stream-source/-/stream-source-0.3.5.tgz",
      "integrity": "sha512-ZuEDP9sgjiAwUVoDModftG0JtYiLUV8K4ljYD1VyUMRWtbVf92474o4kuuul43iZ8t/hRuiDAx1dIJSvirrK/g=="
    },
    "supports-preserve-symlinks-flag": {
      "version": "1.0.0",
      "resolved": "https://registry.npmjs.org/supports-preserve-symlinks-flag/-/supports-preserve-symlinks-flag-1.0.0.tgz",
      "integrity": "sha512-ot0WnXS9fgdkgIcePe6RHNk1WA8+muPa6cSjeR3V8K27q9BB1rTE3R1p7Hv0z1ZyAc8s6Vvv8DIyWf681MAt0w=="
    },
    "text-encoding": {
      "version": "0.6.4",
      "resolved": "https://registry.npmjs.org/text-encoding/-/text-encoding-0.6.4.tgz",
      "integrity": "sha1-45mpgiV6J22uQou5KEXLcb3CbRk="
    }
  }
}
